
Microsoft Visual Studio Solution File, Format Version 10.00
# Visual Studio 2008
Project("{FAE04EC0-301F-11D3-BF4B-00C04F79EFBC}") = "FAMIS_DALL", "FAMIS_DALL\FAMIS_DALL.csproj", "{F77B8950-64FE-41CD-AAED-735A0E749037}"
EndProject
Project("{FAE04EC0-301F-11D3-BF4B-00C04F79EFBC}") = "FAMIS_BLL", "..\FAMIS_BLL\FAMIS_BLL.csproj", "{4ECAB76A-4A96-4B35-B8A3-1017921322B7}"
EndProject
Project("{FAE04EC0-301F-11D3-BF4B-00C04F79EFBC}") = "FAMIS_UI", "..\FAMIS_UI\FAMIS_UI\FAMIS_UI.csproj", "{5307971D-BF0E-4BF0-8F7A-49355F42349C}"
EndProject
Global
	GlobalSection(SolutionConfigurationPlatforms) = preSolution
		Debug|Any CPU = Debug|Any CPU
		Release|Any CPU = Release|Any CPU
	EndGlobalSection
	GlobalSection(ProjectConfigurationPlatforms) = postSolution
		{F77B8950-64FE-41CD-AAED-735A0E749037}.Debug|Any CPU.ActiveCfg = Debug|Any CPU
		{F77B8950-64FE-41CD-AAED-735A0E749037}.Debug|Any CPU.Build.0 = Debug|Any CPU
		{F77B8950-64FE-41CD-AAED-735A0E749037}.Release|Any CPU.ActiveCfg = Release|Any CPU
		{F77B8950-64FE-41CD-AAED-735A0E749037}.Release|Any CPU.Build.0 = Release|Any CPU
		{4ECAB76A-4A96-4B35-B8A3-1017921322B7}.Debug|Any CPU.ActiveCfg = Debug|Any CPU
		{4ECAB76A-4A96-4B35-B8A3-1017921322B7}.Debug|Any CPU.Build.0 = Debug|Any CPU
		{4ECAB76A-4A96-4B35-B8A3-1017921322B7}.Release|Any CPU.ActiveCfg = Release|Any CPU
		{4ECAB76A-4A96-4B35-B8A3-1017921322B7}.Release|Any CPU.Build.0 = Release|Any CPU
		{5307971D-BF0E-4BF0-8F7A-49355F42349C}.Debug|Any CPU.ActiveCfg = Debug|Any CPU
		{5307971D-BF0E-4BF0-8F7A-49355F42349C}.Debug|Any CPU.Build.0 = Debug|Any CPU
		{5307971D-BF0E-4BF0-8F7A-49355F42349C}.Release|Any CPU.ActiveCfg = Release|Any CPU
		{5307971D-BF0E-4BF0-8F7A-49355F42349C}.Release|Any CPU.Build.0 = Release|Any CPU
	EndGlobalSection
	GlobalSection(SolutionProperties) = preSolution
		HideSolutionNode = FALSE
	EndGlobalSection
EndGlobal
