
Microsoft Visual Studio Solution File, Format Version 11.00
# Visual Studio 2010
Project("{E24C65DC-7377-472B-9ABA-BC803B73C61A}") = "FAMIS_WEB", "FAMIS_WEB\", "{92DC1B5A-437C-400B-AD10-3AA7C3556BA5}"
	ProjectSection(WebsiteProperties) = preProject
		TargetFrameworkMoniker = ".NETFramework,Version%3Dv4.0"
		Debug.AspNetCompiler.VirtualPath = "/FAMIS_WEB"
		Debug.AspNetCompiler.PhysicalPath = "..\..\..\..\Desktop\Projeto FAMIS com MasterPage\Projeto Fonte\FAMIS_WEB\"
		Debug.AspNetCompiler.TargetPath = "PrecompiledWeb\FAMIS_WEB\"
		Debug.AspNetCompiler.Updateable = "true"
		Debug.AspNetCompiler.ForceOverwrite = "true"
		Debug.AspNetCompiler.FixedNames = "false"
		Debug.AspNetCompiler.Debug = "True"
		Release.AspNetCompiler.VirtualPath = "/FAMIS_WEB"
		Release.AspNetCompiler.PhysicalPath = "..\..\..\..\Desktop\Projeto FAMIS com MasterPage\Projeto Fonte\FAMIS_WEB\"
		Release.AspNetCompiler.TargetPath = "PrecompiledWeb\FAMIS_WEB\"
		Release.AspNetCompiler.Updateable = "true"
		Release.AspNetCompiler.ForceOverwrite = "true"
		Release.AspNetCompiler.FixedNames = "false"
		Release.AspNetCompiler.Debug = "False"
		VWDPort = "5755"
	EndProjectSection
EndProject
Project("{FAE04EC0-301F-11D3-BF4B-00C04F79EFBC}") = "FAMIS_BLL", "FAMIS_BLL\FAMIS_BLL.csproj", "{4ECAB76A-4A96-4B35-B8A3-1017921322B7}"
EndProject
Project("{FAE04EC0-301F-11D3-BF4B-00C04F79EFBC}") = "FAMIS_DALL", "FAMIS_DALL\FAMIS_DALL\FAMIS_DALL.csproj", "{F77B8950-64FE-41CD-AAED-735A0E749037}"
EndProject
Project("{FAE04EC0-301F-11D3-BF4B-00C04F79EFBC}") = "Model", "Model\Model.csproj", "{B7E556A9-BDEA-4A64-94EA-BC752A191CCE}"
EndProject
Global
	GlobalSection(SolutionConfigurationPlatforms) = preSolution
		Debug|Any CPU = Debug|Any CPU
		Release|Any CPU = Release|Any CPU
	EndGlobalSection
	GlobalSection(ProjectConfigurationPlatforms) = postSolution
		{92DC1B5A-437C-400B-AD10-3AA7C3556BA5}.Debug|Any CPU.ActiveCfg = Debug|Any CPU
		{92DC1B5A-437C-400B-AD10-3AA7C3556BA5}.Debug|Any CPU.Build.0 = Debug|Any CPU
		{92DC1B5A-437C-400B-AD10-3AA7C3556BA5}.Release|Any CPU.ActiveCfg = Debug|Any CPU
		{92DC1B5A-437C-400B-AD10-3AA7C3556BA5}.Release|Any CPU.Build.0 = Debug|Any CPU
		{4ECAB76A-4A96-4B35-B8A3-1017921322B7}.Debug|Any CPU.ActiveCfg = Debug|Any CPU
		{4ECAB76A-4A96-4B35-B8A3-1017921322B7}.Debug|Any CPU.Build.0 = Debug|Any CPU
		{4ECAB76A-4A96-4B35-B8A3-1017921322B7}.Release|Any CPU.ActiveCfg = Release|Any CPU
		{4ECAB76A-4A96-4B35-B8A3-1017921322B7}.Release|Any CPU.Build.0 = Release|Any CPU
		{F77B8950-64FE-41CD-AAED-735A0E749037}.Debug|Any CPU.ActiveCfg = Debug|Any CPU
		{F77B8950-64FE-41CD-AAED-735A0E749037}.Debug|Any CPU.Build.0 = Debug|Any CPU
		{F77B8950-64FE-41CD-AAED-735A0E749037}.Release|Any CPU.ActiveCfg = Release|Any CPU
		{F77B8950-64FE-41CD-AAED-735A0E749037}.Release|Any CPU.Build.0 = Release|Any CPU
		{B7E556A9-BDEA-4A64-94EA-BC752A191CCE}.Debug|Any CPU.ActiveCfg = Debug|Any CPU
		{B7E556A9-BDEA-4A64-94EA-BC752A191CCE}.Debug|Any CPU.Build.0 = Debug|Any CPU
		{B7E556A9-BDEA-4A64-94EA-BC752A191CCE}.Release|Any CPU.ActiveCfg = Release|Any CPU
		{B7E556A9-BDEA-4A64-94EA-BC752A191CCE}.Release|Any CPU.Build.0 = Release|Any CPU
	EndGlobalSection
	GlobalSection(SolutionProperties) = preSolution
		HideSolutionNode = FALSE
	EndGlobalSection
EndGlobal
